lockfileVersion: 5.4

specifiers:
  "@types/node": 18.11.0
  husky: 8.0.1
  lint-staged: 13.0.3
  prettier: 2.7.1
  ts-node-test: 0.2.0
  typescript: 4.8.4

devDependencies:
  "@types/node": registry.npmjs.org/@types/node/18.11.0
  husky: registry.npmjs.org/husky/8.0.1
  lint-staged: registry.npmjs.org/lint-staged/13.0.3
  prettier: registry.npmjs.org/prettier/2.7.1
  ts-node-test: registry.npmjs.org/ts-node-test/0.2.0_o6ib7qqltxpe7qrskddglns2ga
  typescript: registry.npmjs.org/typescript/4.8.4

packages:
  registry.npmjs.org/@cspotcode/source-map-support/0.8.1:
    resolution:
      {
        integrity: sha512-IchNf6dN4tHoMFIn/7OE8LWZ19Y6q/67Bmf6vnGREv8RSbBVb9LPJxEcnwrcwX6ixSvaiGoomAUvu4YSxXrVgw==,
        registry: https://registry.npmjs.com/,
        tarball: https://registry.npmjs.org/@cspotcode/source-map-support/-/source-map-support-0.8.1.tgz,
      }
    name: "@cspotcode/source-map-support"
    version: 0.8.1
    engines: { node: ">=12" }
    dependencies:
      "@jridgewell/trace-mapping": registry.npmjs.org/@jridgewell/trace-mapping/0.3.9
    dev: true

  registry.npmjs.org/@jridgewell/resolve-uri/3.1.0:
    resolution:
      {
        integrity: sha512-F2msla3tad+Mfht5cJq7LSXcdudKTWCVYUgw6pLFOOHSTtZlj6SWNYAp+AhuqLmWdBO2X5hPrLcu8cVP8fy28w==,
        registry: https://registry.npmjs.com/,
        tarball: https://registry.npmjs.org/@jridgewell/resolve-uri/-/resolve-uri-3.1.0.tgz,
      }
    name: "@jridgewell/resolve-uri"
    version: 3.1.0
    engines: { node: ">=6.0.0" }
    dev: true

  registry.npmjs.org/@jridgewell/sourcemap-codec/1.4.14:
    resolution:
      {
        integrity: sha512-XPSJHWmi394fuUuzDnGz1wiKqWfo1yXecHQMRf2l6hztTO+nPru658AyDngaBe7isIxEkRsPR3FZh+s7iVa4Uw==,
        registry: https://registry.npmjs.com/,
        tarball: https://registry.npmjs.org/@jridgewell/sourcemap-codec/-/sourcemap-codec-1.4.14.tgz,
      }
    name: "@jridgewell/sourcemap-codec"
    version: 1.4.14
    dev: true

  registry.npmjs.org/@jridgewell/trace-mapping/0.3.9:
    resolution:
      {
        integrity: sha512-3Belt6tdc8bPgAtbcmdtNJlirVoTmEb5e2gC94PnkwEW9jI6CAHUeoG85tjWP5WquqfavoMtMwiG4P926ZKKuQ==,
        registry: https://registry.npmjs.com/,
        tarball: https://registry.npmjs.org/@jridgewell/trace-mapping/-/trace-mapping-0.3.9.tgz,
      }
    name: "@jridgewell/trace-mapping"
    version: 0.3.9
    dependencies:
      "@jridgewell/resolve-uri": registry.npmjs.org/@jridgewell/resolve-uri/3.1.0
      "@jridgewell/sourcemap-codec": registry.npmjs.org/@jridgewell/sourcemap-codec/1.4.14
    dev: true

  registry.npmjs.org/@tsconfig/node10/1.0.9:
    resolution:
      {
        integrity: sha512-jNsYVVxU8v5g43Erja32laIDHXeoNvFEpX33OK4d6hljo3jDhCBDhx5dhCCTMWUojscpAagGiRkBKxpdl9fxqA==,
        registry: https://registry.npmjs.com/,
        tarball: https://registry.npmjs.org/@tsconfig/node10/-/node10-1.0.9.tgz,
      }
    name: "@tsconfig/node10"
    version: 1.0.9
    dev: true

  registry.npmjs.org/@tsconfig/node12/1.0.11:
    resolution:
      {
        integrity: sha512-cqefuRsh12pWyGsIoBKJA9luFu3mRxCA+ORZvA4ktLSzIuCUtWVxGIuXigEwO5/ywWFMZ2QEGKWvkZG1zDMTag==,
        registry: https://registry.npmjs.com/,
        tarball: https://registry.npmjs.org/@tsconfig/node12/-/node12-1.0.11.tgz,
      }
    name: "@tsconfig/node12"
    version: 1.0.11
    dev: true

  registry.npmjs.org/@tsconfig/node14/1.0.3:
    resolution:
      {
        integrity: sha512-ysT8mhdixWK6Hw3i1V2AeRqZ5WfXg1G43mqoYlM2nc6388Fq5jcXyr5mRsqViLx/GJYdoL0bfXD8nmF+Zn/Iow==,
        registry: https://registry.npmjs.com/,
        tarball: https://registry.npmjs.org/@tsconfig/node14/-/node14-1.0.3.tgz,
      }
    name: "@tsconfig/node14"
    version: 1.0.3
    dev: true

  registry.npmjs.org/@tsconfig/node16/1.0.3:
    resolution:
      {
        integrity: sha512-yOlFc+7UtL/89t2ZhjPvvB/DeAr3r+Dq58IgzsFkOAvVC6NMJXmCGjbptdXdR9qsX7pKcTL+s87FtYREi2dEEQ==,
        registry: https://registry.npmjs.com/,
        tarball: https://registry.npmjs.org/@tsconfig/node16/-/node16-1.0.3.tgz,
      }
    name: "@tsconfig/node16"
    version: 1.0.3
    dev: true

  registry.npmjs.org/@types/node/18.11.0:
    resolution:
      {
        integrity: sha512-IOXCvVRToe7e0ny7HpT/X9Rb2RYtElG1a+VshjwT00HxrM2dWBApHQoqsI6WiY7Q03vdf2bCrIGzVrkF/5t10w==,
        registry: https://registry.npmjs.com/,
        tarball: https://registry.npmjs.org/@types/node/-/node-18.11.0.tgz,
      }
    name: "@types/node"
    version: 18.11.0
    dev: true

  registry.npmjs.org/acorn-walk/8.2.0:
    resolution:
      {
        integrity: sha512-k+iyHEuPgSw6SbuDpGQM+06HQUa04DZ3o+F6CSzXMvvI5KMvnaEqXe+YVe555R9nn6GPt404fos4wcgpw12SDA==,
        registry: https://registry.npmjs.com/,
        tarball: https://registry.npmjs.org/acorn-walk/-/acorn-walk-8.2.0.tgz,
      }
    name: acorn-walk
    version: 8.2.0
    engines: { node: ">=0.4.0" }
    dev: true

  registry.npmjs.org/acorn/8.8.0:
    resolution:
      {
        integrity: sha512-QOxyigPVrpZ2GXT+PFyZTl6TtOFc5egxHIP9IlQ+RbupQuX4RkT/Bee4/kQuC02Xkzg84JcT7oLYtDIQxp+v7w==,
        registry: https://registry.npmjs.com/,
        tarball: https://registry.npmjs.org/acorn/-/acorn-8.8.0.tgz,
      }
    name: acorn
    version: 8.8.0
    engines: { node: ">=0.4.0" }
    hasBin: true
    dev: true

  registry.npmjs.org/aggregate-error/3.1.0:
    resolution:
      {
        integrity: sha512-4I7Td01quW/RpocfNayFdFVk1qSuoh0E7JrbRJ16nH01HhKFQ88INq9Sd+nd72zqRySlr9BmDA8xlEJ6vJMrYA==,
        registry: https://registry.npmjs.com/,
        tarball: https://registry.npmjs.org/aggregate-error/-/aggregate-error-3.1.0.tgz,
      }
    name: aggregate-error
    version: 3.1.0
    engines: { node: ">=8" }
    dependencies:
      clean-stack: registry.npmjs.org/clean-stack/2.2.0
      indent-string: registry.npmjs.org/indent-string/4.0.0
    dev: true

  registry.npmjs.org/ansi-escapes/4.3.2:
    resolution:
      {
        integrity: sha512-gKXj5ALrKWQLsYG9jlTRmR/xKluxHV+Z9QEwNIgCfM1/uwPMCuzVVnh5mwTd+OuBZcwSIMbqssNWRm1lE51QaQ==,
        registry: https://registry.npmjs.com/,
        tarball: https://registry.npmjs.org/ansi-escapes/-/ansi-escapes-4.3.2.tgz,
      }
    name: ansi-escapes
    version: 4.3.2
    engines: { node: ">=8" }
    dependencies:
      type-fest: registry.npmjs.org/type-fest/0.21.3
    dev: true

  registry.npmjs.org/ansi-regex/5.0.1:
    resolution:
      {
        integrity: sha512-quJQXlTSUGL2LH9SUXo8VwsY4soanhgo6LNSm84E1LBcE8s3O0wpdiRzyR9z/ZZJMlMWv37qOOb9pdJlMUEKFQ==,
        registry: https://registry.npmjs.com/,
        tarball: https://registry.npmjs.org/ansi-regex/-/ansi-regex-5.0.1.tgz,
      }
    name: ansi-regex
    version: 5.0.1
    engines: { node: ">=8" }
    dev: true

  registry.npmjs.org/ansi-regex/6.0.1:
    resolution:
      {
        integrity: sha512-n5M855fKb2SsfMIiFFoVrABHJC8QtHwVx+mHWP3QcEqBHYienj5dHSgjbxtC0WEZXYt4wcD6zrQElDPhFuZgfA==,
        registry: https://registry.npmjs.com/,
        tarball: https://registry.npmjs.org/ansi-regex/-/ansi-regex-6.0.1.tgz,
      }
    name: ansi-regex
    version: 6.0.1
    engines: { node: ">=12" }
    dev: true

  registry.npmjs.org/ansi-styles/4.3.0:
    resolution:
      {
        integrity: sha512-zbB9rCJAT1rbjiVDb2hqKFHNYLxgtk8NURxZ3IZwD3F6NtxbXZQCnnSi1Lkx+IDohdPlFp222wVALIheZJQSEg==,
        registry: https://registry.npmjs.com/,
        tarball: https://registry.npmjs.org/ansi-styles/-/ansi-styles-4.3.0.tgz,
      }
    name: ansi-styles
    version: 4.3.0
    engines: { node: ">=8" }
    dependencies:
      color-convert: registry.npmjs.org/color-convert/2.0.1
    dev: true

  registry.npmjs.org/ansi-styles/6.1.1:
    resolution:
      {
        integrity: sha512-qDOv24WjnYuL+wbwHdlsYZFy+cgPtrYw0Tn7GLORicQp9BkQLzrgI3Pm4VyR9ERZ41YTn7KlMPuL1n05WdZvmg==,
        registry: https://registry.npmjs.com/,
        tarball: https://registry.npmjs.org/ansi-styles/-/ansi-styles-6.1.1.tgz,
      }
    name: ansi-styles
    version: 6.1.1
    engines: { node: ">=12" }
    dev: true

  registry.npmjs.org/arg/4.1.3:
    resolution:
      {
        integrity: sha512-58S9QDqG0Xx27YwPSt9fJxivjYl432YCwfDMfZ+71RAqUrZef7LrKQZ3LHLOwCS4FLNBplP533Zx895SeOCHvA==,
        registry: https://registry.npmjs.com/,
        tarball: https://registry.npmjs.org/arg/-/arg-4.1.3.tgz,
      }
    name: arg
    version: 4.1.3
    dev: true

  registry.npmjs.org/astral-regex/2.0.0:
    resolution:
      {
        integrity: sha512-Z7tMw1ytTXt5jqMcOP+OQteU1VuNK9Y02uuJtKQ1Sv69jXQKKg5cibLwGJow8yzZP+eAc18EmLGPal0bp36rvQ==,
        registry: https://registry.npmjs.com/,
        tarball: https://registry.npmjs.org/astral-regex/-/astral-regex-2.0.0.tgz,
      }
    name: astral-regex
    version: 2.0.0
    engines: { node: ">=8" }
    dev: true

  registry.npmjs.org/braces/3.0.2:
    resolution:
      {
        integrity: sha512-b8um+L1RzM3WDSzvhm6gIz1yfTbBt6YTlcEKAvsmqCZZFw46z626lVj9j1yEPW33H5H+lBQpZMP1k8l+78Ha0A==,
        registry: https://registry.npmjs.com/,
        tarball: https://registry.npmjs.org/braces/-/braces-3.0.2.tgz,
      }
    name: braces
    version: 3.0.2
    engines: { node: ">=8" }
    dependencies:
      fill-range: registry.npmjs.org/fill-range/7.0.1
    dev: true

  registry.npmjs.org/clean-stack/2.2.0:
    resolution:
      {
        integrity: sha512-4diC9HaTE+KRAMWhDhrGOECgWZxoevMc5TlkObMqNSsVU62PYzXZ/SMTjzyGAFF1YusgxGcSWTEXBhp0CPwQ1A==,
        registry: https://registry.npmjs.com/,
        tarball: https://registry.npmjs.org/clean-stack/-/clean-stack-2.2.0.tgz,
      }
    name: clean-stack
    version: 2.2.0
    engines: { node: ">=6" }
    dev: true

  registry.npmjs.org/cli-cursor/3.1.0:
    resolution:
      {
        integrity: sha512-I/zHAwsKf9FqGoXM4WWRACob9+SNukZTd94DWF57E4toouRulbCxcUh6RKUEOQlYTHJnzkPMySvPNaaSLNfLZw==,
        registry: https://registry.npmjs.com/,
        tarball: https://registry.npmjs.org/cli-cursor/-/cli-cursor-3.1.0.tgz,
      }
    name: cli-cursor
    version: 3.1.0
    engines: { node: ">=8" }
    dependencies:
      restore-cursor: registry.npmjs.org/restore-cursor/3.1.0
    dev: true

  registry.npmjs.org/cli-truncate/2.1.0:
    resolution:
      {
        integrity: sha512-n8fOixwDD6b/ObinzTrp1ZKFzbgvKZvuz/TvejnLn1aQfC6r52XEx85FmuC+3HI+JM7coBRXUvNqEU2PHVrHpg==,
        registry: https://registry.npmjs.com/,
        tarball: https://registry.npmjs.org/cli-truncate/-/cli-truncate-2.1.0.tgz,
      }
    name: cli-truncate
    version: 2.1.0
    engines: { node: ">=8" }
    dependencies:
      slice-ansi: registry.npmjs.org/slice-ansi/3.0.0
      string-width: registry.npmjs.org/string-width/4.2.3
    dev: true

  registry.npmjs.org/cli-truncate/3.1.0:
    resolution:
      {
        integrity: sha512-wfOBkjXteqSnI59oPcJkcPl/ZmwvMMOj340qUIY1SKZCv0B9Cf4D4fAucRkIKQmsIuYK3x1rrgU7MeGRruiuiA==,
        registry: https://registry.npmjs.com/,
        tarball: https://registry.npmjs.org/cli-truncate/-/cli-truncate-3.1.0.tgz,
      }
    name: cli-truncate
    version: 3.1.0
    engines: { node: ^12.20.0 || ^14.13.1 || >=16.0.0 }
    dependencies:
      slice-ansi: registry.npmjs.org/slice-ansi/5.0.0
      string-width: registry.npmjs.org/string-width/5.1.2
    dev: true

  registry.npmjs.org/color-convert/2.0.1:
    resolution:
      {
        integrity: sha512-RRECPsj7iu/xb5oKYcsFHSppFNnsj/52OVTRKb4zP5onXwVF3zVmmToNcOfGC+CRDpfK/U584fMg38ZHCaElKQ==,
        registry: https://registry.npmjs.com/,
        tarball: https://registry.npmjs.org/color-convert/-/color-convert-2.0.1.tgz,
      }
    name: color-convert
    version: 2.0.1
    engines: { node: ">=7.0.0" }
    dependencies:
      color-name: registry.npmjs.org/color-name/1.1.4
    dev: true

  registry.npmjs.org/color-name/1.1.4:
    resolution:
      {
        integrity: sha512-dOy+3AuW3a2wNbZHIuMZpTcgjGuLU/uBL/ubcZF9OXbDo8ff4O8yVp5Bf0efS8uEoYo5q4Fx7dY9OgQGXgAsQA==,
        registry: https://registry.npmjs.com/,
        tarball: https://registry.npmjs.org/color-name/-/color-name-1.1.4.tgz,
      }
    name: color-name
    version: 1.1.4
    dev: true

  registry.npmjs.org/colorette/2.0.19:
    resolution:
      {
        integrity: sha512-3tlv/dIP7FWvj3BsbHrGLJ6l/oKh1O3TcgBqMn+yyCagOxc23fyzDS6HypQbgxWbkpDnf52p1LuR4eWDQ/K9WQ==,
        registry: https://registry.npmjs.com/,
        tarball: https://registry.npmjs.org/colorette/-/colorette-2.0.19.tgz,
      }
    name: colorette
    version: 2.0.19
    dev: true

  registry.npmjs.org/commander/9.4.1:
    resolution:
      {
        integrity: sha512-5EEkTNyHNGFPD2H+c/dXXfQZYa/scCKasxWcXJaWnNJ99pnQN9Vnmqow+p+PlFPE63Q6mThaZws1T+HxfpgtPw==,
        registry: https://registry.npmjs.com/,
        tarball: https://registry.npmjs.org/commander/-/commander-9.4.1.tgz,
      }
    name: commander
    version: 9.4.1
    engines: { node: ^12.20.0 || >=14 }
    dev: true

  registry.npmjs.org/create-require/1.1.1:
    resolution:
      {
        integrity: sha512-dcKFX3jn0MpIaXjisoRvexIJVEKzaq7z2rZKxf+MSr9TkdmHmsU4m2lcLojrj/FHl8mk5VxMmYA+ftRkP/3oKQ==,
        registry: https://registry.npmjs.com/,
        tarball: https://registry.npmjs.org/create-require/-/create-require-1.1.1.tgz,
      }
    name: create-require
    version: 1.1.1
    dev: true

  registry.npmjs.org/cross-spawn/7.0.3:
    resolution:
      {
        integrity: sha512-iRDPJKUPVEND7dHPO8rkbOnPpyDygcDFtWjpeWNCgy8WP2rXcxXL8TskReQl6OrB2G7+UJrags1q15Fudc7G6w==,
        registry: https://registry.npmjs.com/,
        tarball: https://registry.npmjs.org/cross-spawn/-/cross-spawn-7.0.3.tgz,
      }
    name: cross-spawn
    version: 7.0.3
    engines: { node: ">= 8" }
    dependencies:
      path-key: registry.npmjs.org/path-key/3.1.1
      shebang-command: registry.npmjs.org/shebang-command/2.0.0
      which: registry.npmjs.org/which/2.0.2
    dev: true

  registry.npmjs.org/debug/4.3.4:
    resolution:
      {
        integrity: sha512-PRWFHuSU3eDtQJPvnNY7Jcket1j0t5OuOsFzPPzsekD52Zl8qUfFIPEiswXqIvHWGVHOgX+7G/vCNNhehwxfkQ==,
        registry: https://registry.npmjs.com/,
        tarball: https://registry.npmjs.org/debug/-/debug-4.3.4.tgz,
      }
    name: debug
    version: 4.3.4
    engines: { node: ">=6.0" }
    peerDependencies:
      supports-color: "*"
    peerDependenciesMeta:
      supports-color:
        optional: true
    dependencies:
      ms: registry.npmjs.org/ms/2.1.2
    dev: true

  registry.npmjs.org/diff/4.0.2:
    resolution:
      {
        integrity: sha512-58lmxKSA4BNyLz+HHMUzlOEpg09FV+ev6ZMe3vJihgdxzgcwZ8VoEEPmALCZG9LmqfVoNMMKpttIYTVG6uDY7A==,
        registry: https://registry.npmjs.com/,
        tarball: https://registry.npmjs.org/diff/-/diff-4.0.2.tgz,
      }
    name: diff
    version: 4.0.2
    engines: { node: ">=0.3.1" }
    dev: true

  registry.npmjs.org/eastasianwidth/0.2.0:
    resolution:
      {
        integrity: sha512-I88TYZWc9XiYHRQ4/3c5rjjfgkjhLyW2luGIheGERbNQ6OY7yTybanSpDXZa8y7VUP9YmDcYa+eyq4ca7iLqWA==,
        registry: https://registry.npmjs.com/,
        tarball: https://registry.npmjs.org/eastasianwidth/-/eastasianwidth-0.2.0.tgz,
      }
    name: eastasianwidth
    version: 0.2.0
    dev: true

  registry.npmjs.org/emoji-regex/8.0.0:
    resolution:
      {
        integrity: sha512-MSjYzcWNOA0ewAHpz0MxpYFvwg6yjy1NG3xteoqz644VCo/RPgnr1/GGt+ic3iJTzQ8Eu3TdM14SawnVUmGE6A==,
        registry: https://registry.npmjs.com/,
        tarball: https://registry.npmjs.org/emoji-regex/-/emoji-regex-8.0.0.tgz,
      }
    name: emoji-regex
    version: 8.0.0
    dev: true

  registry.npmjs.org/emoji-regex/9.2.2:
    resolution:
      {
        integrity: sha512-L18DaJsXSUk2+42pv8mLs5jJT2hqFkFE4j21wOmgbUqsZ2hL72NsUU785g9RXgo3s0ZNgVl42TiHp3ZtOv/Vyg==,
        registry: https://registry.npmjs.com/,
        tarball: https://registry.npmjs.org/emoji-regex/-/emoji-regex-9.2.2.tgz,
      }
    name: emoji-regex
    version: 9.2.2
    dev: true

  registry.npmjs.org/execa/6.1.0:
    resolution:
      {
        integrity: sha512-QVWlX2e50heYJcCPG0iWtf8r0xjEYfz/OYLGDYH+IyjWezzPNxz63qNFOu0l4YftGWuizFVZHHs8PrLU5p2IDA==,
        registry: https://registry.npmjs.com/,
        tarball: https://registry.npmjs.org/execa/-/execa-6.1.0.tgz,
      }
    name: execa
    version: 6.1.0
    engines: { node: ^12.20.0 || ^14.13.1 || >=16.0.0 }
    dependencies:
      cross-spawn: registry.npmjs.org/cross-spawn/7.0.3
      get-stream: registry.npmjs.org/get-stream/6.0.1
      human-signals: registry.npmjs.org/human-signals/3.0.1
      is-stream: registry.npmjs.org/is-stream/3.0.0
      merge-stream: registry.npmjs.org/merge-stream/2.0.0
      npm-run-path: registry.npmjs.org/npm-run-path/5.1.0
      onetime: registry.npmjs.org/onetime/6.0.0
      signal-exit: registry.npmjs.org/signal-exit/3.0.7
      strip-final-newline: registry.npmjs.org/strip-final-newline/3.0.0
    dev: true

  registry.npmjs.org/fill-range/7.0.1:
    resolution:
      {
        integrity: sha512-qOo9F+dMUmC2Lcb4BbVvnKJxTPjCm+RRpe4gDuGrzkL7mEVl/djYSu2OdQ2Pa302N4oqkSg9ir6jaLWJ2USVpQ==,
        registry: https://registry.npmjs.com/,
        tarball: https://registry.npmjs.org/fill-range/-/fill-range-7.0.1.tgz,
      }
    name: fill-range
    version: 7.0.1
    engines: { node: ">=8" }
    dependencies:
      to-regex-range: registry.npmjs.org/to-regex-range/5.0.1
    dev: true

  registry.npmjs.org/get-stream/6.0.1:
    resolution:
      {
        integrity: sha512-ts6Wi+2j3jQjqi70w5AlN8DFnkSwC+MqmxEzdEALB2qXZYV3X/b1CTfgPLGJNMeAWxdPfU8FO1ms3NUfaHCPYg==,
        registry: https://registry.npmjs.com/,
        tarball: https://registry.npmjs.org/get-stream/-/get-stream-6.0.1.tgz,
      }
    name: get-stream
    version: 6.0.1
    engines: { node: ">=10" }
    dev: true

  registry.npmjs.org/human-signals/3.0.1:
    resolution:
      {
        integrity: sha512-rQLskxnM/5OCldHo+wNXbpVgDn5A17CUoKX+7Sokwaknlq7CdSnphy0W39GU8dw59XiCXmFXDg4fRuckQRKewQ==,
        registry: https://registry.npmjs.com/,
        tarball: https://registry.npmjs.org/human-signals/-/human-signals-3.0.1.tgz,
      }
    name: human-signals
    version: 3.0.1
    engines: { node: ">=12.20.0" }
    dev: true

  registry.npmjs.org/husky/8.0.1:
    resolution:
      {
        integrity: sha512-xs7/chUH/CKdOCs7Zy0Aev9e/dKOMZf3K1Az1nar3tzlv0jfqnYtu235bstsWTmXOR0EfINrPa97yy4Lz6RiKw==,
        registry: https://registry.npmjs.com/,
        tarball: https://registry.npmjs.org/husky/-/husky-8.0.1.tgz,
      }
    name: husky
    version: 8.0.1
    engines: { node: ">=14" }
    hasBin: true
    dev: true

  registry.npmjs.org/indent-string/4.0.0:
    resolution:
      {
        integrity: sha512-EdDDZu4A2OyIK7Lr/2zG+w5jmbuk1DVBnEwREQvBzspBJkCEbRa8GxU1lghYcaGJCnRWibjDXlq779X1/y5xwg==,
        registry: https://registry.npmjs.com/,
        tarball: https://registry.npmjs.org/indent-string/-/indent-string-4.0.0.tgz,
      }
    name: indent-string
    version: 4.0.0
    engines: { node: ">=8" }
    dev: true

  registry.npmjs.org/is-fullwidth-code-point/3.0.0:
    resolution:
      {
        integrity: sha512-zymm5+u+sCsSWyD9qNaejV3DFvhCKclKdizYaJUuHA83RLjb7nSuGnddCHGv0hk+KY7BMAlsWeK4Ueg6EV6XQg==,
        registry: https://registry.npmjs.com/,
        tarball: https://registry.npmjs.org/is-fullwidth-code-point/-/is-fullwidth-code-point-3.0.0.tgz,
      }
    name: is-fullwidth-code-point
    version: 3.0.0
    engines: { node: ">=8" }
    dev: true

  registry.npmjs.org/is-fullwidth-code-point/4.0.0:
    resolution:
      {
        integrity: sha512-O4L094N2/dZ7xqVdrXhh9r1KODPJpFms8B5sGdJLPy664AgvXsreZUyCQQNItZRDlYug4xStLjNp/sz3HvBowQ==,
        registry: https://registry.npmjs.com/,
        tarball: https://registry.npmjs.org/is-fullwidth-code-point/-/is-fullwidth-code-point-4.0.0.tgz,
      }
    name: is-fullwidth-code-point
    version: 4.0.0
    engines: { node: ">=12" }
    dev: true

  registry.npmjs.org/is-number/7.0.0:
    resolution:
      {
        integrity: sha512-41Cifkg6e8TylSpdtTpeLVMqvSBEVzTttHvERD741+pnZ8ANv0004MRL43QKPDlK9cGvNp6NZWZUBlbGXYxxng==,
        registry: https://registry.npmjs.com/,
        tarball: https://registry.npmjs.org/is-number/-/is-number-7.0.0.tgz,
      }
    name: is-number
    version: 7.0.0
    engines: { node: ">=0.12.0" }
    dev: true

  registry.npmjs.org/is-stream/3.0.0:
    resolution:
      {
        integrity: sha512-LnQR4bZ9IADDRSkvpqMGvt/tEJWclzklNgSw48V5EAaAeDd6qGvN8ei6k5p0tvxSR171VmGyHuTiAOfxAbr8kA==,
        registry: https://registry.npmjs.com/,
        tarball: https://registry.npmjs.org/is-stream/-/is-stream-3.0.0.tgz,
      }
    name: is-stream
    version: 3.0.0
    engines: { node: ^12.20.0 || ^14.13.1 || >=16.0.0 }
    dev: true

  registry.npmjs.org/isexe/2.0.0:
    resolution:
      {
        integrity: sha512-RHxMLp9lnKHGHRng9QFhRCMbYAcVpn69smSGcq3f36xjgVVWThj4qqLbTLlq7Ssj8B+fIQ1EuCEGI2lKsyQeIw==,
        registry: https://registry.npmjs.com/,
        tarball: https://registry.npmjs.org/isexe/-/isexe-2.0.0.tgz,
      }
    name: isexe
    version: 2.0.0
    dev: true

  registry.npmjs.org/lilconfig/2.0.5:
    resolution:
      {
        integrity: sha512-xaYmXZtTHPAw5m+xLN8ab9C+3a8YmV3asNSPOATITbtwrfbwaLJj8h66H1WMIpALCkqsIzK3h7oQ+PdX+LQ9Eg==,
        registry: https://registry.npmjs.com/,
        tarball: https://registry.npmjs.org/lilconfig/-/lilconfig-2.0.5.tgz,
      }
    name: lilconfig
    version: 2.0.5
    engines: { node: ">=10" }
    dev: true

  registry.npmjs.org/lint-staged/13.0.3:
    resolution:
      {
        integrity: sha512-9hmrwSCFroTSYLjflGI8Uk+GWAwMB4OlpU4bMJEAT5d/llQwtYKoim4bLOyLCuWFAhWEupE0vkIFqtw/WIsPug==,
        registry: https://registry.npmjs.com/,
        tarball: https://registry.npmjs.org/lint-staged/-/lint-staged-13.0.3.tgz,
      }
    name: lint-staged
    version: 13.0.3
    engines: { node: ^14.13.1 || >=16.0.0 }
    hasBin: true
    dependencies:
      cli-truncate: registry.npmjs.org/cli-truncate/3.1.0
      colorette: registry.npmjs.org/colorette/2.0.19
      commander: registry.npmjs.org/commander/9.4.1
      debug: registry.npmjs.org/debug/4.3.4
      execa: registry.npmjs.org/execa/6.1.0
      lilconfig: registry.npmjs.org/lilconfig/2.0.5
      listr2: registry.npmjs.org/listr2/4.0.5
      micromatch: registry.npmjs.org/micromatch/4.0.5
      normalize-path: registry.npmjs.org/normalize-path/3.0.0
      object-inspect: registry.npmjs.org/object-inspect/1.12.2
      pidtree: registry.npmjs.org/pidtree/0.6.0
      string-argv: registry.npmjs.org/string-argv/0.3.1
      yaml: registry.npmjs.org/yaml/2.1.2
    transitivePeerDependencies:
      - enquirer
      - supports-color
    dev: true

  registry.npmjs.org/listr2/4.0.5:
    resolution:
      {
        integrity: sha512-juGHV1doQdpNT3GSTs9IUN43QJb7KHdF9uqg7Vufs/tG9VTzpFphqF4pm/ICdAABGQxsyNn9CiYA3StkI6jpwA==,
        registry: https://registry.npmjs.com/,
        tarball: https://registry.npmjs.org/listr2/-/listr2-4.0.5.tgz,
      }
    name: listr2
    version: 4.0.5
    engines: { node: ">=12" }
    peerDependencies:
      enquirer: ">= 2.3.0 < 3"
    peerDependenciesMeta:
      enquirer:
        optional: true
    dependencies:
      cli-truncate: registry.npmjs.org/cli-truncate/2.1.0
      colorette: registry.npmjs.org/colorette/2.0.19
      log-update: registry.npmjs.org/log-update/4.0.0
      p-map: registry.npmjs.org/p-map/4.0.0
      rfdc: registry.npmjs.org/rfdc/1.3.0
      rxjs: registry.npmjs.org/rxjs/7.5.7
      through: registry.npmjs.org/through/2.3.8
      wrap-ansi: registry.npmjs.org/wrap-ansi/7.0.0
    dev: true

  registry.npmjs.org/log-update/4.0.0:
    resolution:
      {
        integrity: sha512-9fkkDevMefjg0mmzWFBW8YkFP91OrizzkW3diF7CpG+S2EYdy4+TVfGwz1zeF8x7hCx1ovSPTOE9Ngib74qqUg==,
        registry: https://registry.npmjs.com/,
        tarball: https://registry.npmjs.org/log-update/-/log-update-4.0.0.tgz,
      }
    name: log-update
    version: 4.0.0
    engines: { node: ">=10" }
    dependencies:
      ansi-escapes: registry.npmjs.org/ansi-escapes/4.3.2
      cli-cursor: registry.npmjs.org/cli-cursor/3.1.0
      slice-ansi: registry.npmjs.org/slice-ansi/4.0.0
      wrap-ansi: registry.npmjs.org/wrap-ansi/6.2.0
    dev: true

  registry.npmjs.org/make-error/1.3.6:
    resolution:
      {
        integrity: sha512-s8UhlNe7vPKomQhC1qFelMokr/Sc3AgNbso3n74mVPA5LTZwkB9NlXf4XPamLxJE8h0gh73rM94xvwRT2CVInw==,
        registry: https://registry.npmjs.com/,
        tarball: https://registry.npmjs.org/make-error/-/make-error-1.3.6.tgz,
      }
    name: make-error
    version: 1.3.6
    dev: true

  registry.npmjs.org/merge-stream/2.0.0:
    resolution:
      {
        integrity: sha512-abv/qOcuPfk3URPfDzmZU1LKmuw8kT+0nIHvKrKgFrwifol/doWcdA4ZqsWQ8ENrFKkd67Mfpo/LovbIUsbt3w==,
        registry: https://registry.npmjs.com/,
        tarball: https://registry.npmjs.org/merge-stream/-/merge-stream-2.0.0.tgz,
      }
    name: merge-stream
    version: 2.0.0
    dev: true

  registry.npmjs.org/micromatch/4.0.5:
    resolution:
      {
        integrity: sha512-DMy+ERcEW2q8Z2Po+WNXuw3c5YaUSFjAO5GsJqfEl7UjvtIuFKO6ZrKvcItdy98dwFI2N1tg3zNIdKaQT+aNdA==,
        registry: https://registry.npmjs.com/,
        tarball: https://registry.npmjs.org/micromatch/-/micromatch-4.0.5.tgz,
      }
    name: micromatch
    version: 4.0.5
    engines: { node: ">=8.6" }
    dependencies:
      braces: registry.npmjs.org/braces/3.0.2
      picomatch: registry.npmjs.org/picomatch/2.3.1
    dev: true

  registry.npmjs.org/mimic-fn/2.1.0:
    resolution:
      {
        integrity: sha512-OqbOk5oEQeAZ8WXWydlu9HJjz9WVdEIvamMCcXmuqUYjTknH/sqsWvhQ3vgwKFRR1HpjvNBKQ37nbJgYzGqGcg==,
        registry: https://registry.npmjs.com/,
        tarball: https://registry.npmjs.org/mimic-fn/-/mimic-fn-2.1.0.tgz,
      }
    name: mimic-fn
    version: 2.1.0
    engines: { node: ">=6" }
    dev: true

  registry.npmjs.org/mimic-fn/4.0.0:
    resolution:
      {
        integrity: sha512-vqiC06CuhBTUdZH+RYl8sFrL096vA45Ok5ISO6sE/Mr1jRbGH4Csnhi8f3wKVl7x8mO4Au7Ir9D3Oyv1VYMFJw==,
        registry: https://registry.npmjs.com/,
        tarball: https://registry.npmjs.org/mimic-fn/-/mimic-fn-4.0.0.tgz,
      }
    name: mimic-fn
    version: 4.0.0
    engines: { node: ">=12" }
    dev: true

  registry.npmjs.org/ms/2.1.2:
    resolution:
      {
        integrity: sha512-sGkPx+VjMtmA6MX27oA4FBFELFCZZ4S4XqeGOXCv68tT+jb3vk/RyaKWP0PTKyWtmLSM0b+adUTEvbs1PEaH2w==,
        registry: https://registry.npmjs.com/,
        tarball: https://registry.npmjs.org/ms/-/ms-2.1.2.tgz,
      }
    name: ms
    version: 2.1.2
    dev: true

  registry.npmjs.org/normalize-path/3.0.0:
    resolution:
      {
        integrity: sha512-6eZs5Ls3WtCisHWp9S2GUy8dqkpGi4BVSz3GaqiE6ezub0512ESztXUwUB6C6IKbQkY2Pnb/mD4WYojCRwcwLA==,
        registry: https://registry.npmjs.com/,
        tarball: https://registry.npmjs.org/normalize-path/-/normalize-path-3.0.0.tgz,
      }
    name: normalize-path
    version: 3.0.0
    engines: { node: ">=0.10.0" }
    dev: true

  registry.npmjs.org/npm-run-path/5.1.0:
    resolution:
      {
        integrity: sha512-sJOdmRGrY2sjNTRMbSvluQqg+8X7ZK61yvzBEIDhz4f8z1TZFYABsqjjCBd/0PUNE9M6QDgHJXQkGUEm7Q+l9Q==,
        registry: https://registry.npmjs.com/,
        tarball: https://registry.npmjs.org/npm-run-path/-/npm-run-path-5.1.0.tgz,
      }
    name: npm-run-path
    version: 5.1.0
    engines: { node: ^12.20.0 || ^14.13.1 || >=16.0.0 }
    dependencies:
      path-key: registry.npmjs.org/path-key/4.0.0
    dev: true

  registry.npmjs.org/object-inspect/1.12.2:
    resolution:
      {
        integrity: sha512-z+cPxW0QGUp0mcqcsgQyLVRDoXFQbXOwBaqyF7VIgI4TWNQsDHrBpUQslRmIfAoYWdYzs6UlKJtB2XJpTaNSpQ==,
        registry: https://registry.npmjs.com/,
        tarball: https://registry.npmjs.org/object-inspect/-/object-inspect-1.12.2.tgz,
      }
    name: object-inspect
    version: 1.12.2
    dev: true

  registry.npmjs.org/onetime/5.1.2:
    resolution:
      {
        integrity: sha512-kbpaSSGJTWdAY5KPVeMOKXSrPtr8C8C7wodJbcsd51jRnmD+GZu8Y0VoU6Dm5Z4vWr0Ig/1NKuWRKf7j5aaYSg==,
        registry: https://registry.npmjs.com/,
        tarball: https://registry.npmjs.org/onetime/-/onetime-5.1.2.tgz,
      }
    name: onetime
    version: 5.1.2
    engines: { node: ">=6" }
    dependencies:
      mimic-fn: registry.npmjs.org/mimic-fn/2.1.0
    dev: true

  registry.npmjs.org/onetime/6.0.0:
    resolution:
      {
        integrity: sha512-1FlR+gjXK7X+AsAHso35MnyN5KqGwJRi/31ft6x0M194ht7S+rWAvd7PHss9xSKMzE0asv1pyIHaJYq+BbacAQ==,
        registry: https://registry.npmjs.com/,
        tarball: https://registry.npmjs.org/onetime/-/onetime-6.0.0.tgz,
      }
    name: onetime
    version: 6.0.0
    engines: { node: ">=12" }
    dependencies:
      mimic-fn: registry.npmjs.org/mimic-fn/4.0.0
    dev: true

  registry.npmjs.org/p-map/4.0.0:
    resolution:
      {
        integrity: sha512-/bjOqmgETBYB5BoEeGVea8dmvHb2m9GLy1E9W43yeyfP6QQCZGFNa+XRceJEuDB6zqr+gKpIAmlLebMpykw/MQ==,
        registry: https://registry.npmjs.com/,
        tarball: https://registry.npmjs.org/p-map/-/p-map-4.0.0.tgz,
      }
    name: p-map
    version: 4.0.0
    engines: { node: ">=10" }
    dependencies:
      aggregate-error: registry.npmjs.org/aggregate-error/3.1.0
    dev: true

  registry.npmjs.org/path-key/3.1.1:
    resolution:
      {
        integrity: sha512-ojmeN0qd+y0jszEtoY48r0Peq5dwMEkIlCOu6Q5f41lfkswXuKtYrhgoTpLnyIcHm24Uhqx+5Tqm2InSwLhE6Q==,
        registry: https://registry.npmjs.com/,
        tarball: https://registry.npmjs.org/path-key/-/path-key-3.1.1.tgz,
      }
    name: path-key
    version: 3.1.1
    engines: { node: ">=8" }
    dev: true

  registry.npmjs.org/path-key/4.0.0:
    resolution:
      {
        integrity: sha512-haREypq7xkM7ErfgIyA0z+Bj4AGKlMSdlQE2jvJo6huWD1EdkKYV+G/T4nq0YEF2vgTT8kqMFKo1uHn950r4SQ==,
        registry: https://registry.npmjs.com/,
        tarball: https://registry.npmjs.org/path-key/-/path-key-4.0.0.tgz,
      }
    name: path-key
    version: 4.0.0
    engines: { node: ">=12" }
    dev: true

  registry.npmjs.org/picomatch/2.3.1:
    resolution:
      {
        integrity: sha512-JU3teHTNjmE2VCGFzuY8EXzCDVwEqB2a8fsIvwaStHhAWJEeVd1o1QD80CU6+ZdEXXSLbSsuLwJjkCBWqRQUVA==,
        registry: https://registry.npmjs.com/,
        tarball: https://registry.npmjs.org/picomatch/-/picomatch-2.3.1.tgz,
      }
    name: picomatch
    version: 2.3.1
    engines: { node: ">=8.6" }
    dev: true

  registry.npmjs.org/pidtree/0.6.0:
    resolution:
      {
        integrity: sha512-eG2dWTVw5bzqGRztnHExczNxt5VGsE6OwTeCG3fdUf9KBsZzO3R5OIIIzWR+iZA0NtZ+RDVdaoE2dK1cn6jH4g==,
        registry: https://registry.npmjs.com/,
        tarball: https://registry.npmjs.org/pidtree/-/pidtree-0.6.0.tgz,
      }
    name: pidtree
    version: 0.6.0
    engines: { node: ">=0.10" }
    hasBin: true
    dev: true

  registry.npmjs.org/prettier/2.7.1:
    resolution:
      {
        integrity: sha512-ujppO+MkdPqoVINuDFDRLClm7D78qbDt0/NR+wp5FqEZOoTNAjPHWj17QRhu7geIHJfcNhRk1XVQmF8Bp3ye+g==,
        registry: https://registry.npmjs.com/,
        tarball: https://registry.npmjs.org/prettier/-/prettier-2.7.1.tgz,
      }
    name: prettier
    version: 2.7.1
    engines: { node: ">=10.13.0" }
    hasBin: true
    dev: true

  registry.npmjs.org/restore-cursor/3.1.0:
    resolution:
      {
        integrity: sha512-l+sSefzHpj5qimhFSE5a8nufZYAM3sBSVMAPtYkmC+4EH2anSGaEMXSD0izRQbu9nfyQ9y5JrVmp7E8oZrUjvA==,
        registry: https://registry.npmjs.com/,
        tarball: https://registry.npmjs.org/restore-cursor/-/restore-cursor-3.1.0.tgz,
      }
    name: restore-cursor
    version: 3.1.0
    engines: { node: ">=8" }
    dependencies:
      onetime: registry.npmjs.org/onetime/5.1.2
      signal-exit: registry.npmjs.org/signal-exit/3.0.7
    dev: true

  registry.npmjs.org/rfdc/1.3.0:
    resolution:
      {
        integrity: sha512-V2hovdzFbOi77/WajaSMXk2OLm+xNIeQdMMuB7icj7bk6zi2F8GGAxigcnDFpJHbNyNcgyJDiP+8nOrY5cZGrA==,
        registry: https://registry.npmjs.com/,
        tarball: https://registry.npmjs.org/rfdc/-/rfdc-1.3.0.tgz,
      }
    name: rfdc
    version: 1.3.0
    dev: true

  registry.npmjs.org/rxjs/7.5.7:
    resolution:
      {
        integrity: sha512-z9MzKh/UcOqB3i20H6rtrlaE/CgjLOvheWK/9ILrbhROGTweAi1BaFsTT9FbwZi5Trr1qNRs+MXkhmR06awzQA==,
        registry: https://registry.npmjs.com/,
        tarball: https://registry.npmjs.org/rxjs/-/rxjs-7.5.7.tgz,
      }
    name: rxjs
    version: 7.5.7
    dependencies:
      tslib: registry.npmjs.org/tslib/2.4.0
    dev: true

  registry.npmjs.org/shebang-command/2.0.0:
    resolution:
      {
        integrity: sha512-kHxr2zZpYtdmrN1qDjrrX/Z1rR1kG8Dx+gkpK1G4eXmvXswmcE1hTWBWYUzlraYw1/yZp6YuDY77YtvbN0dmDA==,
        registry: https://registry.npmjs.com/,
        tarball: https://registry.npmjs.org/shebang-command/-/shebang-command-2.0.0.tgz,
      }
    name: shebang-command
    version: 2.0.0
    engines: { node: ">=8" }
    dependencies:
      shebang-regex: registry.npmjs.org/shebang-regex/3.0.0
    dev: true

  registry.npmjs.org/shebang-regex/3.0.0:
    resolution:
      {
        integrity: sha512-7++dFhtcx3353uBaq8DDR4NuxBetBzC7ZQOhmTQInHEd6bSrXdiEyzCvG07Z44UYdLShWUyXt5M/yhz8ekcb1A==,
        registry: https://registry.npmjs.com/,
        tarball: https://registry.npmjs.org/shebang-regex/-/shebang-regex-3.0.0.tgz,
      }
    name: shebang-regex
    version: 3.0.0
    engines: { node: ">=8" }
    dev: true

  registry.npmjs.org/signal-exit/3.0.7:
    resolution:
      {
        integrity: sha512-wnD2ZE+l+SPC/uoS0vXeE9L1+0wuaMqKlfz9AMUo38JsyLSBWSFcHR1Rri62LZc12vLr1gb3jl7iwQhgwpAbGQ==,
        registry: https://registry.npmjs.com/,
        tarball: https://registry.npmjs.org/signal-exit/-/signal-exit-3.0.7.tgz,
      }
    name: signal-exit
    version: 3.0.7
    dev: true

  registry.npmjs.org/slice-ansi/3.0.0:
    resolution:
      {
        integrity: sha512-pSyv7bSTC7ig9Dcgbw9AuRNUb5k5V6oDudjZoMBSr13qpLBG7tB+zgCkARjq7xIUgdz5P1Qe8u+rSGdouOOIyQ==,
        registry: https://registry.npmjs.com/,
        tarball: https://registry.npmjs.org/slice-ansi/-/slice-ansi-3.0.0.tgz,
      }
    name: slice-ansi
    version: 3.0.0
    engines: { node: ">=8" }
    dependencies:
      ansi-styles: registry.npmjs.org/ansi-styles/4.3.0
      astral-regex: registry.npmjs.org/astral-regex/2.0.0
      is-fullwidth-code-point: registry.npmjs.org/is-fullwidth-code-point/3.0.0
    dev: true

  registry.npmjs.org/slice-ansi/4.0.0:
    resolution:
      {
        integrity: sha512-qMCMfhY040cVHT43K9BFygqYbUPFZKHOg7K73mtTWJRb8pyP3fzf4Ixd5SzdEJQ6MRUg/WBnOLxghZtKKurENQ==,
        registry: https://registry.npmjs.com/,
        tarball: https://registry.npmjs.org/slice-ansi/-/slice-ansi-4.0.0.tgz,
      }
    name: slice-ansi
    version: 4.0.0
    engines: { node: ">=10" }
    dependencies:
      ansi-styles: registry.npmjs.org/ansi-styles/4.3.0
      astral-regex: registry.npmjs.org/astral-regex/2.0.0
      is-fullwidth-code-point: registry.npmjs.org/is-fullwidth-code-point/3.0.0
    dev: true

  registry.npmjs.org/slice-ansi/5.0.0:
    resolution:
      {
        integrity: sha512-FC+lgizVPfie0kkhqUScwRu1O/lF6NOgJmlCgK+/LYxDCTk8sGelYaHDhFcDN+Sn3Cv+3VSa4Byeo+IMCzpMgQ==,
        registry: https://registry.npmjs.com/,
        tarball: https://registry.npmjs.org/slice-ansi/-/slice-ansi-5.0.0.tgz,
      }
    name: slice-ansi
    version: 5.0.0
    engines: { node: ">=12" }
    dependencies:
      ansi-styles: registry.npmjs.org/ansi-styles/6.1.1
      is-fullwidth-code-point: registry.npmjs.org/is-fullwidth-code-point/4.0.0
    dev: true

  registry.npmjs.org/string-argv/0.3.1:
    resolution:
      {
        integrity: sha512-a1uQGz7IyVy9YwhqjZIZu1c8JO8dNIe20xBmSS6qu9kv++k3JGzCVmprbNN5Kn+BgzD5E7YYwg1CcjuJMRNsvg==,
        registry: https://registry.npmjs.com/,
        tarball: https://registry.npmjs.org/string-argv/-/string-argv-0.3.1.tgz,
      }
    name: string-argv
    version: 0.3.1
    engines: { node: ">=0.6.19" }
    dev: true

  registry.npmjs.org/string-width/4.2.3:
    resolution:
      {
        integrity: sha512-wKyQRQpjJ0sIp62ErSZdGsjMJWsap5oRNihHhu6G7JVO/9jIB6UyevL+tXuOqrng8j/cxKTWyWUwvSTriiZz/g==,
        registry: https://registry.npmjs.com/,
        tarball: https://registry.npmjs.org/string-width/-/string-width-4.2.3.tgz,
      }
    name: string-width
    version: 4.2.3
    engines: { node: ">=8" }
    dependencies:
      emoji-regex: registry.npmjs.org/emoji-regex/8.0.0
      is-fullwidth-code-point: registry.npmjs.org/is-fullwidth-code-point/3.0.0
      strip-ansi: registry.npmjs.org/strip-ansi/6.0.1
    dev: true

  registry.npmjs.org/string-width/5.1.2:
    resolution:
      {
        integrity: sha512-HnLOCR3vjcY8beoNLtcjZ5/nxn2afmME6lhrDrebokqMap+XbeW8n9TXpPDOqdGK5qcI3oT0GKTW6wC7EMiVqA==,
        registry: https://registry.npmjs.com/,
        tarball: https://registry.npmjs.org/string-width/-/string-width-5.1.2.tgz,
      }
    name: string-width
    version: 5.1.2
    engines: { node: ">=12" }
    dependencies:
      eastasianwidth: registry.npmjs.org/eastasianwidth/0.2.0
      emoji-regex: registry.npmjs.org/emoji-regex/9.2.2
      strip-ansi: registry.npmjs.org/strip-ansi/7.0.1
    dev: true

  registry.npmjs.org/strip-ansi/6.0.1:
    resolution:
      {
        integrity: sha512-Y38VPSHcqkFrCpFnQ9vuSXmquuv5oXOKpGeT6aGrr3o3Gc9AlVa6JBfUSOCnbxGGZF+/0ooI7KrPuUSztUdU5A==,
        registry: https://registry.npmjs.com/,
        tarball: https://registry.npmjs.org/strip-ansi/-/strip-ansi-6.0.1.tgz,
      }
    name: strip-ansi
    version: 6.0.1
    engines: { node: ">=8" }
    dependencies:
      ansi-regex: registry.npmjs.org/ansi-regex/5.0.1
    dev: true

  registry.npmjs.org/strip-ansi/7.0.1:
    resolution:
      {
        integrity: sha512-cXNxvT8dFNRVfhVME3JAe98mkXDYN2O1l7jmcwMnOslDeESg1rF/OZMtK0nRAhiari1unG5cD4jG3rapUAkLbw==,
        registry: https://registry.npmjs.com/,
        tarball: https://registry.npmjs.org/strip-ansi/-/strip-ansi-7.0.1.tgz,
      }
    name: strip-ansi
    version: 7.0.1
    engines: { node: ">=12" }
    dependencies:
      ansi-regex: registry.npmjs.org/ansi-regex/6.0.1
    dev: true

  registry.npmjs.org/strip-final-newline/3.0.0:
    resolution:
      {
        integrity: sha512-dOESqjYr96iWYylGObzd39EuNTa5VJxyvVAEm5Jnh7KGo75V43Hk1odPQkNDyXNmUR6k+gEiDVXnjB8HJ3crXw==,
        registry: https://registry.npmjs.com/,
        tarball: https://registry.npmjs.org/strip-final-newline/-/strip-final-newline-3.0.0.tgz,
      }
    name: strip-final-newline
    version: 3.0.0
    engines: { node: ">=12" }
    dev: true

  registry.npmjs.org/through/2.3.8:
    resolution:
      {
        integrity: sha512-w89qg7PI8wAdvX60bMDP+bFoD5Dvhm9oLheFp5O4a2QF0cSBGsBX4qZmadPMvVqlLJBBci+WqGGOAPvcDeNSVg==,
        registry: https://registry.npmjs.com/,
        tarball: https://registry.npmjs.org/through/-/through-2.3.8.tgz,
      }
    name: through
    version: 2.3.8
    dev: true

  registry.npmjs.org/to-regex-range/5.0.1:
    resolution:
      {
        integrity: sha512-65P7iz6X5yEr1cwcgvQxbbIw7Uk3gOy5dIdtZ4rDveLqhrdJP+Li/Hx6tyK0NEb+2GCyneCMJiGqrADCSNk8sQ==,
        registry: https://registry.npmjs.com/,
        tarball: https://registry.npmjs.org/to-regex-range/-/to-regex-range-5.0.1.tgz,
      }
    name: to-regex-range
    version: 5.0.1
    engines: { node: ">=8.0" }
    dependencies:
      is-number: registry.npmjs.org/is-number/7.0.0
    dev: true

  registry.npmjs.org/ts-node-test/0.2.0_o6ib7qqltxpe7qrskddglns2ga:
    resolution:
      {
        integrity: sha512-d3tMATFBY+ZmuEzXRRJ87MAHdh5vkefe+irpdy1DodVT2AHEf0z3tCDyV0O/tzH0oyQqeJXB3Y1B2emh5snFiA==,
        registry: https://registry.npmjs.com/,
        tarball: https://registry.npmjs.org/ts-node-test/-/ts-node-test-0.2.0.tgz,
      }
    id: registry.npmjs.org/ts-node-test/0.2.0
    name: ts-node-test
    version: 0.2.0
    engines: { node: ">=18.7.0" }
    hasBin: true
    peerDependencies:
      typescript: ^4.0.0
    dependencies:
      ts-node: registry.npmjs.org/ts-node/10.9.1_o6ib7qqltxpe7qrskddglns2ga
      typescript: registry.npmjs.org/typescript/4.8.4
    transitivePeerDependencies:
      - "@swc/core"
      - "@swc/wasm"
      - "@types/node"
    dev: true

  registry.npmjs.org/ts-node/10.9.1_o6ib7qqltxpe7qrskddglns2ga:
    resolution:
      {
        integrity: sha512-NtVysVPkxxrwFGUUxGYhfux8k78pQB3JqYBXlLRZgdGUqTO5wU/UyHop5p70iEbGhB7q5KmiZiU0Y3KlJrScEw==,
        registry: https://registry.npmjs.com/,
        tarball: https://registry.npmjs.org/ts-node/-/ts-node-10.9.1.tgz,
      }
    id: registry.npmjs.org/ts-node/10.9.1
    name: ts-node
    version: 10.9.1
    hasBin: true
    peerDependencies:
      "@swc/core": ">=1.2.50"
      "@swc/wasm": ">=1.2.50"
      "@types/node": "*"
      typescript: ">=2.7"
    peerDependenciesMeta:
      "@swc/core":
        optional: true
      "@swc/wasm":
        optional: true
    dependencies:
      "@cspotcode/source-map-support": registry.npmjs.org/@cspotcode/source-map-support/0.8.1
      "@tsconfig/node10": registry.npmjs.org/@tsconfig/node10/1.0.9
      "@tsconfig/node12": registry.npmjs.org/@tsconfig/node12/1.0.11
      "@tsconfig/node14": registry.npmjs.org/@tsconfig/node14/1.0.3
      "@tsconfig/node16": registry.npmjs.org/@tsconfig/node16/1.0.3
      "@types/node": registry.npmjs.org/@types/node/18.11.0
      acorn: registry.npmjs.org/acorn/8.8.0
      acorn-walk: registry.npmjs.org/acorn-walk/8.2.0
      arg: registry.npmjs.org/arg/4.1.3
      create-require: registry.npmjs.org/create-require/1.1.1
      diff: registry.npmjs.org/diff/4.0.2
      make-error: registry.npmjs.org/make-error/1.3.6
      typescript: registry.npmjs.org/typescript/4.8.4
      v8-compile-cache-lib: registry.npmjs.org/v8-compile-cache-lib/3.0.1
      yn: registry.npmjs.org/yn/3.1.1
    dev: true

  registry.npmjs.org/tslib/2.4.0:
    resolution:
      {
        integrity: sha512-d6xOpEDfsi2CZVlPQzGeux8XMwLT9hssAsaPYExaQMuYskwb+x1x7J371tWlbBdWHroy99KnVB6qIkUbs5X3UQ==,
        registry: https://registry.npmjs.com/,
        tarball: https://registry.npmjs.org/tslib/-/tslib-2.4.0.tgz,
      }
    name: tslib
    version: 2.4.0
    dev: true

  registry.npmjs.org/type-fest/0.21.3:
    resolution:
      {
        integrity: sha512-t0rzBq87m3fVcduHDUFhKmyyX+9eo6WQjZvf51Ea/M0Q7+T374Jp1aUiyUl0GKxp8M/OETVHSDvmkyPgvX+X2w==,
        registry: https://registry.npmjs.com/,
        tarball: https://registry.npmjs.org/type-fest/-/type-fest-0.21.3.tgz,
      }
    name: type-fest
    version: 0.21.3
    engines: { node: ">=10" }
    dev: true

  registry.npmjs.org/typescript/4.8.4:
    resolution:
      {
        integrity: sha512-QCh+85mCy+h0IGff8r5XWzOVSbBO+KfeYrMQh7NJ58QujwcE22u+NUSmUxqF+un70P9GXKxa2HCNiTTMJknyjQ==,
        registry: https://registry.npmjs.com/,
        tarball: https://registry.npmjs.org/typescript/-/typescript-4.8.4.tgz,
      }
    name: typescript
    version: 4.8.4
    engines: { node: ">=4.2.0" }
    hasBin: true
    dev: true

  registry.npmjs.org/v8-compile-cache-lib/3.0.1:
    resolution:
      {
        integrity: sha512-wa7YjyUGfNZngI/vtK0UHAN+lgDCxBPCylVXGp0zu59Fz5aiGtNXaq3DhIov063MorB+VfufLh3JlF2KdTK3xg==,
        registry: https://registry.npmjs.com/,
        tarball: https://registry.npmjs.org/v8-compile-cache-lib/-/v8-compile-cache-lib-3.0.1.tgz,
      }
    name: v8-compile-cache-lib
    version: 3.0.1
    dev: true

  registry.npmjs.org/which/2.0.2:
    resolution:
      {
        integrity: sha512-BLI3Tl1TW3Pvl70l3yq3Y64i+awpwXqsGBYWkkqMtnbXgrMD+yj7rhW0kuEDxzJaYXGjEW5ogapKNMEKNMjibA==,
        registry: https://registry.npmjs.com/,
        tarball: https://registry.npmjs.org/which/-/which-2.0.2.tgz,
      }
    name: which
    version: 2.0.2
    engines: { node: ">= 8" }
    hasBin: true
    dependencies:
      isexe: registry.npmjs.org/isexe/2.0.0
    dev: true

  registry.npmjs.org/wrap-ansi/6.2.0:
    resolution:
      {
        integrity: sha512-r6lPcBGxZXlIcymEu7InxDMhdW0KDxpLgoFLcguasxCaJ/SOIZwINatK9KY/tf+ZrlywOKU0UDj3ATXUBfxJXA==,
        registry: https://registry.npmjs.com/,
        tarball: https://registry.npmjs.org/wrap-ansi/-/wrap-ansi-6.2.0.tgz,
      }
    name: wrap-ansi
    version: 6.2.0
    engines: { node: ">=8" }
    dependencies:
      ansi-styles: registry.npmjs.org/ansi-styles/4.3.0
      string-width: registry.npmjs.org/string-width/4.2.3
      strip-ansi: registry.npmjs.org/strip-ansi/6.0.1
    dev: true

  registry.npmjs.org/wrap-ansi/7.0.0:
    resolution:
      {
        integrity: sha512-YVGIj2kamLSTxw6NsZjoBxfSwsn0ycdesmc4p+Q21c5zPuZ1pl+NfxVdxPtdHvmNVOQ6XSYG4AUtyt/Fi7D16Q==,
        registry: https://registry.npmjs.com/,
        tarball: https://registry.npmjs.org/wrap-ansi/-/wrap-ansi-7.0.0.tgz,
      }
    name: wrap-ansi
    version: 7.0.0
    engines: { node: ">=10" }
    dependencies:
      ansi-styles: registry.npmjs.org/ansi-styles/4.3.0
      string-width: registry.npmjs.org/string-width/4.2.3
      strip-ansi: registry.npmjs.org/strip-ansi/6.0.1
    dev: true

  registry.npmjs.org/yaml/2.1.2:
    resolution:
      {
        integrity: sha512-VSdf2/K3FqAetooKQv45Hcu6sA00aDgWZeGcG6V9IYJnVLTnb6988Tie79K5nx2vK7cEpf+yW8Oy+7iPAbdiHA==,
        registry: https://registry.npmjs.com/,
        tarball: https://registry.npmjs.org/yaml/-/yaml-2.1.2.tgz,
      }
    name: yaml
    version: 2.1.2
    engines: { node: ">= 14" }
    dev: true

  registry.npmjs.org/yn/3.1.1:
    resolution:
      {
        integrity: sha512-Ux4ygGWsu2c7isFWe8Yu1YluJmqVhxqK2cLXNQA5AcC3QfbGNpM7fu0Y8b/z16pXLnFxZYvWhd3fhBY9DLmC6Q==,
        registry: https://registry.npmjs.com/,
        tarball: https://registry.npmjs.org/yn/-/yn-3.1.1.tgz,
      }
    name: yn
    version: 3.1.1
    engines: { node: ">=6" }
    dev: true
